{"is_source_file": false, "format": "", "description": "", "external_files": [], "external_methods": [], "published": [], "classes": [], "methods": [], "calls": [], "search-terms": [], "state": 2, "file_id": 2, "knowledge_revision": 14, "git_revision": "c768d60bb2af3e968bbfa511ec34d6ac0698fb34", "filename": "/home/kavia/workspace/code-generation/eventease-19833-59b299ad/eventease/post_process_status.lock", "hash": "9c4ed7ef73e22b872b8055bec08b8979", "format-version": 4, "code-base-name": "default", "revision_history": [{"14": "c768d60bb2af3e968bbfa511ec34d6ac0698fb34"}]}